
Microsoft Visual Studio Solution File, Format Version 11.00
# Visual Studio 2010
Project("{FAE04EC0-301F-11D3-BF4B-00C04F79EFBC}") = "Outlook2010ControlledVocabulary", "Outlook2010ControlledVocabulary\Outlook2010ControlledVocabulary.csproj", "{04FB7B28-FC68-46FE-BD6F-2C1595E4857C}"
EndProject
Project("{FAE04EC0-301F-11D3-BF4B-00C04F79EFBC}") = "ControlledVocabulary", "ControlledVocabulary\ControlledVocabulary.csproj", "{A0943160-E0BD-452E-B9C9-6B9D40B7C4CE}"
EndProject
Project("{2150E333-8FDC-42A3-9474-1A3956D46DE8}") = "Common", "Common", "{131BBE95-174F-4E20-9381-403633B3E528}"
	ProjectSection(SolutionItems) = preProject
		Common\CommonAssemblyInfo.cs = Common\CommonAssemblyInfo.cs
		Common\ControlledVocabulary.ruleset = Common\ControlledVocabulary.ruleset
	EndProjectSection
EndProject
Project("{54435603-DBB4-11D2-8724-00A0C9A8B90C}") = "Outlook2010Installer", "Installers\Outlook2010Installer\Installer.vdproj", "{320E7193-3050-45E7-AACF-098ED1EFEAF4}"
EndProject
Global
	GlobalSection(TeamFoundationVersionControl) = preSolution
		SccNumberOfProjects = 4
		SccEnterpriseProvider = {4CA58AB2-18FA-4F8D-95D4-32DDF27D184C}
		SccTeamFoundationServer = https://tfs05.codeplex.com/
		SccLocalPath0 = .
		SccProjectUniqueName1 = ControlledVocabulary\\ControlledVocabulary.csproj
		SccProjectName1 = ControlledVocabulary
		SccLocalPath1 = ControlledVocabulary
		SccProjectUniqueName2 = Outlook2010ControlledVocabulary\\Outlook2010ControlledVocabulary.csproj
		SccProjectName2 = Outlook2010ControlledVocabulary
		SccLocalPath2 = Outlook2010ControlledVocabulary
		SccProjectUniqueName3 = Installers\\Outlook2010Installer\\Installer.vdproj
		SccProjectName3 = Installers/Outlook2010Installer
		SccLocalPath3 = Installers\\Outlook2010Installer
	EndGlobalSection
	GlobalSection(SolutionConfigurationPlatforms) = preSolution
		Debug|Any CPU = Debug|Any CPU
		Debug|Mixed Platforms = Debug|Mixed Platforms
		Debug|x86 = Debug|x86
		Release|Any CPU = Release|Any CPU
		Release|Mixed Platforms = Release|Mixed Platforms
		Release|x86 = Release|x86
	EndGlobalSection
	GlobalSection(ProjectConfigurationPlatforms) = postSolution
		{04FB7B28-FC68-46FE-BD6F-2C1595E4857C}.Debug|Any CPU.ActiveCfg = Debug|Any CPU
		{04FB7B28-FC68-46FE-BD6F-2C1595E4857C}.Debug|Any CPU.Build.0 = Debug|Any CPU
		{04FB7B28-FC68-46FE-BD6F-2C1595E4857C}.Debug|Mixed Platforms.ActiveCfg = Debug|Any CPU
		{04FB7B28-FC68-46FE-BD6F-2C1595E4857C}.Debug|Mixed Platforms.Build.0 = Debug|Any CPU
		{04FB7B28-FC68-46FE-BD6F-2C1595E4857C}.Debug|x86.ActiveCfg = Debug|Any CPU
		{04FB7B28-FC68-46FE-BD6F-2C1595E4857C}.Release|Any CPU.ActiveCfg = Release|Any CPU
		{04FB7B28-FC68-46FE-BD6F-2C1595E4857C}.Release|Any CPU.Build.0 = Release|Any CPU
		{04FB7B28-FC68-46FE-BD6F-2C1595E4857C}.Release|Mixed Platforms.ActiveCfg = Release|Any CPU
		{04FB7B28-FC68-46FE-BD6F-2C1595E4857C}.Release|Mixed Platforms.Build.0 = Release|Any CPU
		{04FB7B28-FC68-46FE-BD6F-2C1595E4857C}.Release|x86.ActiveCfg = Release|Any CPU
		{A0943160-E0BD-452E-B9C9-6B9D40B7C4CE}.Debug|Any CPU.ActiveCfg = Debug|Any CPU
		{A0943160-E0BD-452E-B9C9-6B9D40B7C4CE}.Debug|Any CPU.Build.0 = Debug|Any CPU
		{A0943160-E0BD-452E-B9C9-6B9D40B7C4CE}.Debug|Mixed Platforms.ActiveCfg = Debug|Any CPU
		{A0943160-E0BD-452E-B9C9-6B9D40B7C4CE}.Debug|Mixed Platforms.Build.0 = Debug|Any CPU
		{A0943160-E0BD-452E-B9C9-6B9D40B7C4CE}.Debug|x86.ActiveCfg = Debug|Any CPU
		{A0943160-E0BD-452E-B9C9-6B9D40B7C4CE}.Release|Any CPU.ActiveCfg = Release|Any CPU
		{A0943160-E0BD-452E-B9C9-6B9D40B7C4CE}.Release|Any CPU.Build.0 = Release|Any CPU
		{A0943160-E0BD-452E-B9C9-6B9D40B7C4CE}.Release|Mixed Platforms.ActiveCfg = Release|Any CPU
		{A0943160-E0BD-452E-B9C9-6B9D40B7C4CE}.Release|Mixed Platforms.Build.0 = Release|Any CPU
		{A0943160-E0BD-452E-B9C9-6B9D40B7C4CE}.Release|x86.ActiveCfg = Release|Any CPU
		{320E7193-3050-45E7-AACF-098ED1EFEAF4}.Debug|Any CPU.ActiveCfg = Debug
		{320E7193-3050-45E7-AACF-098ED1EFEAF4}.Debug|Any CPU.Build.0 = Debug
		{320E7193-3050-45E7-AACF-098ED1EFEAF4}.Debug|Mixed Platforms.ActiveCfg = Debug
		{320E7193-3050-45E7-AACF-098ED1EFEAF4}.Debug|Mixed Platforms.Build.0 = Debug
		{320E7193-3050-45E7-AACF-098ED1EFEAF4}.Debug|x86.ActiveCfg = Debug
		{320E7193-3050-45E7-AACF-098ED1EFEAF4}.Debug|x86.Build.0 = Debug
		{320E7193-3050-45E7-AACF-098ED1EFEAF4}.Release|Any CPU.ActiveCfg = Release
		{320E7193-3050-45E7-AACF-098ED1EFEAF4}.Release|Any CPU.Build.0 = Release
		{320E7193-3050-45E7-AACF-098ED1EFEAF4}.Release|Mixed Platforms.ActiveCfg = Release
		{320E7193-3050-45E7-AACF-098ED1EFEAF4}.Release|Mixed Platforms.Build.0 = Release
		{320E7193-3050-45E7-AACF-098ED1EFEAF4}.Release|x86.ActiveCfg = Release
		{320E7193-3050-45E7-AACF-098ED1EFEAF4}.Release|x86.Build.0 = Release
	EndGlobalSection
	GlobalSection(SolutionProperties) = preSolution
		HideSolutionNode = FALSE
	EndGlobalSection
EndGlobal
