
Microsoft Visual Studio Solution File, Format Version 11.00
# Visual Studio 2010
Project("{2150E333-8FDC-42A3-9474-1A3956D46DE8}") = "Common", "Common", "{90AB786E-5C7E-4E09-B5E9-1152B4D2DE69}"
	ProjectSection(SolutionItems) = preProject
		Common\CommonAssemblyInfo.cs = Common\CommonAssemblyInfo.cs
		Common\ControlledVocabulary.ruleset = Common\ControlledVocabulary.ruleset
		WindowsClient\License.rtf = WindowsClient\License.rtf
		Common\settings.xml = Common\settings.xml
	EndProjectSection
EndProject
Project("{2150E333-8FDC-42A3-9474-1A3956D46DE8}") = "Installers", "Installers", "{96119340-C0A1-445E-8942-CF97B0949CE1}"
EndProject
Project("{FAE04EC0-301F-11D3-BF4B-00C04F79EFBC}") = "ControlledVocabulary", "ControlledVocabulary\ControlledVocabulary.csproj", "{A0943160-E0BD-452E-B9C9-6B9D40B7C4CE}"
EndProject
Project("{FAE04EC0-301F-11D3-BF4B-00C04F79EFBC}") = "Outlook2010CV", "Addins\Outlook2010CV\Outlook2010CV.csproj", "{8582DA15-2292-4816-990B-3BF2F28E1C74}"
EndProject
Project("{54435603-DBB4-11D2-8724-00A0C9A8B90C}") = "OutlookInstaller", "Installers\Outlook2010CV\Outlook2010CV.vdproj", "{30606324-AC3F-4702-A63C-075E538F9277}"
EndProject
Project("{FAE04EC0-301F-11D3-BF4B-00C04F79EFBC}") = "WindowsClient", "WindowsClient\WindowsClient.csproj", "{72CDB3E5-A628-4C27-9FED-482BBD21509D}"
EndProject
Project("{54435603-DBB4-11D2-8724-00A0C9A8B90C}") = "ClientInstaller", "Installers\ClientInstaller\ClientInstaller.vdproj", "{7B870082-66D6-4463-846B-6BBCF4D31C69}"
EndProject
Global
	GlobalSection(TeamFoundationVersionControl) = preSolution
		SccNumberOfProjects = 6
		SccEnterpriseProvider = {4CA58AB2-18FA-4F8D-95D4-32DDF27D184C}
		SccTeamFoundationServer = https://tfs.codeplex.com/tfs/tfs05
		SccLocalPath0 = .
		SccProjectUniqueName1 = ControlledVocabulary\\ControlledVocabulary.csproj
		SccProjectName1 = ControlledVocabulary
		SccLocalPath1 = ControlledVocabulary
		SccProjectUniqueName2 = Addins\\Outlook2010CV\\Outlook2010CV.csproj
		SccProjectName2 = Addins/Outlook2010CV
		SccLocalPath2 = Addins\\Outlook2010CV
		SccProjectUniqueName3 = Installers\\Outlook2010CV\\Outlook2010CV.vdproj
		SccProjectTopLevelParentUniqueName3 = Main.sln
		SccProjectName3 = Installers/Outlook2010CV
		SccLocalPath3 = Installers\\Outlook2010CV
		SccProjectUniqueName4 = WindowsClient\\WindowsClient.csproj
		SccProjectName4 = WindowsClient
		SccLocalPath4 = WindowsClient
		SccProjectUniqueName5 = Installers\\ClientInstaller\\ClientInstaller.vdproj
		SccProjectTopLevelParentUniqueName5 = Main.sln
		SccProjectName5 = Installers/ClientInstaller
		SccLocalPath5 = Installers\\ClientInstaller
	EndGlobalSection
	GlobalSection(SolutionConfigurationPlatforms) = preSolution
		Debug|Any CPU = Debug|Any CPU
		Debug|Mixed Platforms = Debug|Mixed Platforms
		Debug|x86 = Debug|x86
		Release|Any CPU = Release|Any CPU
		Release|Mixed Platforms = Release|Mixed Platforms
		Release|x86 = Release|x86
	EndGlobalSection
	GlobalSection(ProjectConfigurationPlatforms) = postSolution
		{A0943160-E0BD-452E-B9C9-6B9D40B7C4CE}.Debug|Any CPU.ActiveCfg = Debug|Any CPU
		{A0943160-E0BD-452E-B9C9-6B9D40B7C4CE}.Debug|Any CPU.Build.0 = Debug|Any CPU
		{A0943160-E0BD-452E-B9C9-6B9D40B7C4CE}.Debug|Mixed Platforms.ActiveCfg = Debug|Any CPU
		{A0943160-E0BD-452E-B9C9-6B9D40B7C4CE}.Debug|Mixed Platforms.Build.0 = Debug|Any CPU
		{A0943160-E0BD-452E-B9C9-6B9D40B7C4CE}.Debug|x86.ActiveCfg = Debug|Any CPU
		{A0943160-E0BD-452E-B9C9-6B9D40B7C4CE}.Release|Any CPU.ActiveCfg = Release|Any CPU
		{A0943160-E0BD-452E-B9C9-6B9D40B7C4CE}.Release|Any CPU.Build.0 = Release|Any CPU
		{A0943160-E0BD-452E-B9C9-6B9D40B7C4CE}.Release|Mixed Platforms.ActiveCfg = Release|Any CPU
		{A0943160-E0BD-452E-B9C9-6B9D40B7C4CE}.Release|Mixed Platforms.Build.0 = Release|Any CPU
		{A0943160-E0BD-452E-B9C9-6B9D40B7C4CE}.Release|x86.ActiveCfg = Release|Any CPU
		{8582DA15-2292-4816-990B-3BF2F28E1C74}.Debug|Any CPU.ActiveCfg = Debug|Any CPU
		{8582DA15-2292-4816-990B-3BF2F28E1C74}.Debug|Mixed Platforms.ActiveCfg = Debug|Any CPU
		{8582DA15-2292-4816-990B-3BF2F28E1C74}.Debug|Mixed Platforms.Build.0 = Debug|Any CPU
		{8582DA15-2292-4816-990B-3BF2F28E1C74}.Debug|x86.ActiveCfg = Debug|Any CPU
		{8582DA15-2292-4816-990B-3BF2F28E1C74}.Release|Any CPU.ActiveCfg = Release|Any CPU
		{8582DA15-2292-4816-990B-3BF2F28E1C74}.Release|Any CPU.Build.0 = Release|Any CPU
		{8582DA15-2292-4816-990B-3BF2F28E1C74}.Release|Mixed Platforms.ActiveCfg = Release|Any CPU
		{8582DA15-2292-4816-990B-3BF2F28E1C74}.Release|Mixed Platforms.Build.0 = Release|Any CPU
		{8582DA15-2292-4816-990B-3BF2F28E1C74}.Release|x86.ActiveCfg = Release|Any CPU
		{30606324-AC3F-4702-A63C-075E538F9277}.Debug|Any CPU.ActiveCfg = Debug
		{30606324-AC3F-4702-A63C-075E538F9277}.Debug|Mixed Platforms.ActiveCfg = Debug
		{30606324-AC3F-4702-A63C-075E538F9277}.Debug|x86.ActiveCfg = Debug
		{30606324-AC3F-4702-A63C-075E538F9277}.Debug|x86.Build.0 = Debug
		{30606324-AC3F-4702-A63C-075E538F9277}.Release|Any CPU.ActiveCfg = Release
		{30606324-AC3F-4702-A63C-075E538F9277}.Release|Any CPU.Build.0 = Release
		{30606324-AC3F-4702-A63C-075E538F9277}.Release|Mixed Platforms.ActiveCfg = Release
		{30606324-AC3F-4702-A63C-075E538F9277}.Release|Mixed Platforms.Build.0 = Release
		{30606324-AC3F-4702-A63C-075E538F9277}.Release|x86.ActiveCfg = Release
		{30606324-AC3F-4702-A63C-075E538F9277}.Release|x86.Build.0 = Release
		{72CDB3E5-A628-4C27-9FED-482BBD21509D}.Debug|Any CPU.ActiveCfg = Debug|x86
		{72CDB3E5-A628-4C27-9FED-482BBD21509D}.Debug|Any CPU.Build.0 = Debug|x86
		{72CDB3E5-A628-4C27-9FED-482BBD21509D}.Debug|Mixed Platforms.ActiveCfg = Debug|x86
		{72CDB3E5-A628-4C27-9FED-482BBD21509D}.Debug|Mixed Platforms.Build.0 = Debug|x86
		{72CDB3E5-A628-4C27-9FED-482BBD21509D}.Debug|x86.ActiveCfg = Debug|x86
		{72CDB3E5-A628-4C27-9FED-482BBD21509D}.Debug|x86.Build.0 = Debug|x86
		{72CDB3E5-A628-4C27-9FED-482BBD21509D}.Release|Any CPU.ActiveCfg = Release|x86
		{72CDB3E5-A628-4C27-9FED-482BBD21509D}.Release|Any CPU.Build.0 = Release|x86
		{72CDB3E5-A628-4C27-9FED-482BBD21509D}.Release|Mixed Platforms.ActiveCfg = Release|x86
		{72CDB3E5-A628-4C27-9FED-482BBD21509D}.Release|Mixed Platforms.Build.0 = Release|x86
		{72CDB3E5-A628-4C27-9FED-482BBD21509D}.Release|x86.ActiveCfg = Release|x86
		{72CDB3E5-A628-4C27-9FED-482BBD21509D}.Release|x86.Build.0 = Release|x86
		{7B870082-66D6-4463-846B-6BBCF4D31C69}.Debug|Any CPU.ActiveCfg = Debug
		{7B870082-66D6-4463-846B-6BBCF4D31C69}.Debug|Mixed Platforms.ActiveCfg = Debug
		{7B870082-66D6-4463-846B-6BBCF4D31C69}.Debug|x86.ActiveCfg = Debug
		{7B870082-66D6-4463-846B-6BBCF4D31C69}.Release|Any CPU.ActiveCfg = Release
		{7B870082-66D6-4463-846B-6BBCF4D31C69}.Release|Any CPU.Build.0 = Release
		{7B870082-66D6-4463-846B-6BBCF4D31C69}.Release|Mixed Platforms.ActiveCfg = Release
		{7B870082-66D6-4463-846B-6BBCF4D31C69}.Release|Mixed Platforms.Build.0 = Release
		{7B870082-66D6-4463-846B-6BBCF4D31C69}.Release|x86.ActiveCfg = Release
	EndGlobalSection
	GlobalSection(SolutionProperties) = preSolution
		HideSolutionNode = FALSE
	EndGlobalSection
	GlobalSection(NestedProjects) = preSolution
		{30606324-AC3F-4702-A63C-075E538F9277} = {96119340-C0A1-445E-8942-CF97B0949CE1}
		{7B870082-66D6-4463-846B-6BBCF4D31C69} = {96119340-C0A1-445E-8942-CF97B0949CE1}
	EndGlobalSection
EndGlobal
